
Microsoft Visual Studio Solution File, Format Version 12.00
# Visual Studio 14
VisualStudioVersion = 14.0.25420.1
MinimumVisualStudioVersion = 10.0.40219.1
Project("{FAE04EC0-301F-11D3-BF4B-00C04F79EFBC}") = "DesignTemplates", "DesignTemplates\DesignTemplates.csproj", "{F93E3F2A-F5FC-4E15-BA89-A43AC35A52B0}"
EndProject
Project("{FAE04EC0-301F-11D3-BF4B-00C04F79EFBC}") = "DesignTemplatesAddin", "DesignTemplatesAddin\DesignTemplatesAddin.csproj", "{B3348327-9BD6-4D8A-A2A7-35B5BC92718B}"
EndProject
Global
	GlobalSection(SolutionConfigurationPlatforms) = preSolution
		Debug|Any CPU = Debug|Any CPU
		Release|Any CPU = Release|Any CPU
	EndGlobalSection
	GlobalSection(ProjectConfigurationPlatforms) = postSolution
		{F93E3F2A-F5FC-4E15-BA89-A43AC35A52B0}.Debug|Any CPU.ActiveCfg = Debug|Any CPU
		{F93E3F2A-F5FC-4E15-BA89-A43AC35A52B0}.Debug|Any CPU.Build.0 = Debug|Any CPU
		{F93E3F2A-F5FC-4E15-BA89-A43AC35A52B0}.Release|Any CPU.ActiveCfg = Release|Any CPU
		{F93E3F2A-F5FC-4E15-BA89-A43AC35A52B0}.Release|Any CPU.Build.0 = Release|Any CPU
		{B3348327-9BD6-4D8A-A2A7-35B5BC92718B}.Debug|Any CPU.ActiveCfg = Debug|Any CPU
		{B3348327-9BD6-4D8A-A2A7-35B5BC92718B}.Debug|Any CPU.Build.0 = Debug|Any CPU
		{B3348327-9BD6-4D8A-A2A7-35B5BC92718B}.Debug|Any CPU.Deploy.0 = Debug|Any CPU
		{B3348327-9BD6-4D8A-A2A7-35B5BC92718B}.Release|Any CPU.ActiveCfg = Release|Any CPU
		{B3348327-9BD6-4D8A-A2A7-35B5BC92718B}.Release|Any CPU.Build.0 = Release|Any CPU
		{B3348327-9BD6-4D8A-A2A7-35B5BC92718B}.Release|Any CPU.Deploy.0 = Release|Any CPU
	EndGlobalSection
	GlobalSection(SolutionProperties) = preSolution
		HideSolutionNode = FALSE
	EndGlobalSection
EndGlobal
